
Microsoft Visual Studio Solution File, Format Version 12.00
# Visual Studio Version 17
VisualStudioVersion = 17.11.35222.181
MinimumVisualStudioVersion = 10.0.40219.1
Project("{FAE04EC0-301F-11D3-BF4B-00C04F79EFBC}") = "WebApiKML", "WebApiKML\WebApiKML.csproj", "{A1167827-CD8D-4F6C-97ED-D5DF59C9A156}"
EndProject
Global
	GlobalSection(SolutionConfigurationPlatforms) = preSolution
		Debug|Any CPU = Debug|Any CPU
		Release|Any CPU = Release|Any CPU
	EndGlobalSection
	GlobalSection(ProjectConfigurationPlatforms) = postSolution
		{A1167827-CD8D-4F6C-97ED-D5DF59C9A156}.Debug|Any CPU.ActiveCfg = Debug|Any CPU
		{A1167827-CD8D-4F6C-97ED-D5DF59C9A156}.Debug|Any CPU.Build.0 = Debug|Any CPU
		{A1167827-CD8D-4F6C-97ED-D5DF59C9A156}.Release|Any CPU.ActiveCfg = Release|Any CPU
		{A1167827-CD8D-4F6C-97ED-D5DF59C9A156}.Release|Any CPU.Build.0 = Release|Any CPU
	EndGlobalSection
	GlobalSection(SolutionProperties) = preSolution
		HideSolutionNode = FALSE
	EndGlobalSection
	GlobalSection(ExtensibilityGlobals) = postSolution
		SolutionGuid = {20957D73-4490-4D61-805B-B9CB81CF2661}
	EndGlobalSection
EndGlobal
